
Microsoft Visual Studio Solution File, Format Version 12.00
# Visual Studio Version 16
VisualStudioVersion = 16.0.30717.126
MinimumVisualStudioVersion = 10.0.40219.1
Project("{FAE04EC0-301F-11D3-BF4B-00C04F79EFBC}") = "IngredientsLibrary", "IngredientsLibrary\IngredientsLibrary.csproj", "{09F96209-58B9-4DB9-890F-FA29F337DC86}"
EndProject
Project("{FAE04EC0-301F-11D3-BF4B-00C04F79EFBC}") = "BakeryProductsLibrary", "BakeryProductsLibrary\BakeryProductsLibrary.csproj", "{9C9DDB50-7905-45D7-B077-DB65C4E9C1CA}"
EndProject
Project("{FAE04EC0-301F-11D3-BF4B-00C04F79EFBC}") = "UnitTestProject", "UnitTestProject\UnitTestProject.csproj", "{AF69C76B-CD08-4AD6-92A5-5149E04B70A4}"
EndProject
Global
	GlobalSection(SolutionConfigurationPlatforms) = preSolution
		Debug|Any CPU = Debug|Any CPU
		Release|Any CPU = Release|Any CPU
	EndGlobalSection
	GlobalSection(ProjectConfigurationPlatforms) = postSolution
		{09F96209-58B9-4DB9-890F-FA29F337DC86}.Debug|Any CPU.ActiveCfg = Debug|Any CPU
		{09F96209-58B9-4DB9-890F-FA29F337DC86}.Debug|Any CPU.Build.0 = Debug|Any CPU
		{09F96209-58B9-4DB9-890F-FA29F337DC86}.Release|Any CPU.ActiveCfg = Release|Any CPU
		{09F96209-58B9-4DB9-890F-FA29F337DC86}.Release|Any CPU.Build.0 = Release|Any CPU
		{9C9DDB50-7905-45D7-B077-DB65C4E9C1CA}.Debug|Any CPU.ActiveCfg = Debug|Any CPU
		{9C9DDB50-7905-45D7-B077-DB65C4E9C1CA}.Debug|Any CPU.Build.0 = Debug|Any CPU
		{9C9DDB50-7905-45D7-B077-DB65C4E9C1CA}.Release|Any CPU.ActiveCfg = Release|Any CPU
		{9C9DDB50-7905-45D7-B077-DB65C4E9C1CA}.Release|Any CPU.Build.0 = Release|Any CPU
		{AF69C76B-CD08-4AD6-92A5-5149E04B70A4}.Debug|Any CPU.ActiveCfg = Debug|Any CPU
		{AF69C76B-CD08-4AD6-92A5-5149E04B70A4}.Debug|Any CPU.Build.0 = Debug|Any CPU
		{AF69C76B-CD08-4AD6-92A5-5149E04B70A4}.Release|Any CPU.ActiveCfg = Release|Any CPU
		{AF69C76B-CD08-4AD6-92A5-5149E04B70A4}.Release|Any CPU.Build.0 = Release|Any CPU
	EndGlobalSection
	GlobalSection(SolutionProperties) = preSolution
		HideSolutionNode = FALSE
	EndGlobalSection
	GlobalSection(ExtensibilityGlobals) = postSolution
		SolutionGuid = {E253A689-2D2A-4DAC-B227-BEBC6F69175E}
	EndGlobalSection
EndGlobal
