
Microsoft Visual Studio Solution File, Format Version 12.00
# Visual Studio Version 16
VisualStudioVersion = 16.0.30717.126
MinimumVisualStudioVersion = 10.0.40219.1
Project("{FAE04EC0-301F-11D3-BF4B-00C04F79EFBC}") = "GoodsLibrary", "GoodsLibrary\GoodsLibrary.csproj", "{979007CF-2107-4735-B8F0-CD2412C40DD7}"
EndProject
Project("{FAE04EC0-301F-11D3-BF4B-00C04F79EFBC}") = "UnitTestProject", "UnitTestProject\UnitTestProject.csproj", "{774A14C4-6E6C-4D80-8F4C-609DF7A5B68E}"
EndProject
Project("{FAE04EC0-301F-11D3-BF4B-00C04F79EFBC}") = "GoodsExceptionLibrary", "GoodsExceptionLibrary\GoodsExceptionLibrary.csproj", "{FE086799-079C-4AB8-8B6F-BF15DC6A553C}"
EndProject
Global
	GlobalSection(SolutionConfigurationPlatforms) = preSolution
		Debug|Any CPU = Debug|Any CPU
		Release|Any CPU = Release|Any CPU
	EndGlobalSection
	GlobalSection(ProjectConfigurationPlatforms) = postSolution
		{979007CF-2107-4735-B8F0-CD2412C40DD7}.Debug|Any CPU.ActiveCfg = Debug|Any CPU
		{979007CF-2107-4735-B8F0-CD2412C40DD7}.Debug|Any CPU.Build.0 = Debug|Any CPU
		{979007CF-2107-4735-B8F0-CD2412C40DD7}.Release|Any CPU.ActiveCfg = Release|Any CPU
		{979007CF-2107-4735-B8F0-CD2412C40DD7}.Release|Any CPU.Build.0 = Release|Any CPU
		{774A14C4-6E6C-4D80-8F4C-609DF7A5B68E}.Debug|Any CPU.ActiveCfg = Debug|Any CPU
		{774A14C4-6E6C-4D80-8F4C-609DF7A5B68E}.Debug|Any CPU.Build.0 = Debug|Any CPU
		{774A14C4-6E6C-4D80-8F4C-609DF7A5B68E}.Release|Any CPU.ActiveCfg = Release|Any CPU
		{774A14C4-6E6C-4D80-8F4C-609DF7A5B68E}.Release|Any CPU.Build.0 = Release|Any CPU
		{FE086799-079C-4AB8-8B6F-BF15DC6A553C}.Debug|Any CPU.ActiveCfg = Debug|Any CPU
		{FE086799-079C-4AB8-8B6F-BF15DC6A553C}.Debug|Any CPU.Build.0 = Debug|Any CPU
		{FE086799-079C-4AB8-8B6F-BF15DC6A553C}.Release|Any CPU.ActiveCfg = Release|Any CPU
		{FE086799-079C-4AB8-8B6F-BF15DC6A553C}.Release|Any CPU.Build.0 = Release|Any CPU
	EndGlobalSection
	GlobalSection(SolutionProperties) = preSolution
		HideSolutionNode = FALSE
	EndGlobalSection
	GlobalSection(ExtensibilityGlobals) = postSolution
		SolutionGuid = {F93A5913-3B13-4F73-BF97-804E958903CE}
	EndGlobalSection
EndGlobal
